// !$*UTF8*$!
{
	archiveVersion = 1;
	classes = {
	};
	objectVersion = 46;
	objects = {

/* Begin PBXBuildFile section */
		B28830FBBAC71618FCE2E052 /* libPods.a in Frameworks */ = {isa = PBXBuildFile; fileRef = 162F5B43FB66DD7CB0982488 /* libPods.a */; };
		CE57108A1C00E339009AE30C /* FBSDKCoreKit.framework in Frameworks */ = {isa = PBXBuildFile; fileRef = CE5710871C00E339009AE30C /* FBSDKCoreKit.framework */; };
		CE57108B1C00E339009AE30C /* FBSDKLoginKit.framework in Frameworks */ = {isa = PBXBuildFile; fileRef = CE5710881C00E339009AE30C /* FBSDKLoginKit.framework */; };
		CE57108C1C00E339009AE30C /* FBSDKShareKit.framework in Frameworks */ = {isa = PBXBuildFile; fileRef = CE5710891C00E339009AE30C /* FBSDKShareKit.framework */; };
		CE578F2D1C0526750062DAAC /* fb_icon_small.png in Resources */ = {isa = PBXBuildFile; fileRef = CE578F2C1C0526750062DAAC /* fb_icon_small.png */; };
		CE71BD511C0A7A79007F35CC /* map.png in Resources */ = {isa = PBXBuildFile; fileRef = CE71BD501C0A7A79007F35CC /* map.png */; };
		CE71BD531C0A7B8C007F35CC /* map_marker-1.png in Resources */ = {isa = PBXBuildFile; fileRef = CE71BD521C0A7B8C007F35CC /* map_marker-1.png */; };
		CE71BD551C0A7BC3007F35CC /* map_marker.png in Resources */ = {isa = PBXBuildFile; fileRef = CE71BD541C0A7BC3007F35CC /* map_marker.png */; };
		CEA9C9081C03DB5B00459714 /* Aeris.framework in Frameworks */ = {isa = PBXBuildFile; fileRef = CEA9C9051C03DB5B00459714 /* Aeris.framework */; };
		CEA9C9091C03DB5B00459714 /* AerisMap.framework in Frameworks */ = {isa = PBXBuildFile; fileRef = CEA9C9061C03DB5B00459714 /* AerisMap.framework */; };
		CEA9C90A1C03DB5B00459714 /* AerisUI.framework in Frameworks */ = {isa = PBXBuildFile; fileRef = CEA9C9071C03DB5B00459714 /* AerisUI.framework */; };
		CEA9C90C1C03DB8400459714 /* CoreGraphics.framework in Frameworks */ = {isa = PBXBuildFile; fileRef = CEA9C90B1C03DB8300459714 /* CoreGraphics.framework */; };
		CEA9C90E1C03DB8E00459714 /* CoreLocation.framework in Frameworks */ = {isa = PBXBuildFile; fileRef = CEA9C90D1C03DB8E00459714 /* CoreLocation.framework */; };
		CEA9C9101C03DBA100459714 /* Foundation.framework in Frameworks */ = {isa = PBXBuildFile; fileRef = CEA9C90F1C03DBA100459714 /* Foundation.framework */; };
		CEA9C9121C03DBB300459714 /* MapKit.framework in Frameworks */ = {isa = PBXBuildFile; fileRef = CEA9C9111C03DBB300459714 /* MapKit.framework */; };
		CEA9C9141C03DBBF00459714 /* QuartzCore.framework in Frameworks */ = {isa = PBXBuildFile; fileRef = CEA9C9131C03DBBF00459714 /* QuartzCore.framework */; };
		CEA9C9161C03DBC900459714 /* UIKit.framework in Frameworks */ = {isa = PBXBuildFile; fileRef = CEA9C9151C03DBC900459714 /* UIKit.framework */; };
		CEA9C9181C03DDEA00459714 /* AerisMapViewController.swift in Sources */ = {isa = PBXBuildFile; fileRef = CEA9C9171C03DDEA00459714 /* AerisMapViewController.swift */; };
		CEB1FC601C4C21A1003E4605 /* clear_night.png in Resources */ = {isa = PBXBuildFile; fileRef = CEB1FC541C4C21A1003E4605 /* clear_night.png */; };
		CEB1FC611C4C21A1003E4605 /* clear.png in Resources */ = {isa = PBXBuildFile; fileRef = CEB1FC551C4C21A1003E4605 /* clear.png */; };
		CEB1FC621C4C21A1003E4605 /* cloud_day.png in Resources */ = {isa = PBXBuildFile; fileRef = CEB1FC561C4C21A1003E4605 /* cloud_day.png */; };
		CEB1FC631C4C21A1003E4605 /* cloud_night-2.png in Resources */ = {isa = PBXBuildFile; fileRef = CEB1FC571C4C21A1003E4605 /* cloud_night-2.png */; };
		CEB1FC641C4C21A1003E4605 /* cloud_night.png in Resources */ = {isa = PBXBuildFile; fileRef = CEB1FC581C4C21A1003E4605 /* cloud_night.png */; };
		CEB1FC651C4C21A1003E4605 /* cloudy.png in Resources */ = {isa = PBXBuildFile; fileRef = CEB1FC591C4C21A1003E4605 /* cloudy.png */; };
		CEB1FC661C4C21A1003E4605 /* fb_icon.png in Resources */ = {isa = PBXBuildFile; fileRef = CEB1FC5A1C4C21A1003E4605 /* fb_icon.png */; };
		CEB1FC671C4C21A1003E4605 /* fog.png in Resources */ = {isa = PBXBuildFile; fileRef = CEB1FC5B1C4C21A1003E4605 /* fog.png */; };
		CEB1FC681C4C21A1003E4605 /* rain.png in Resources */ = {isa = PBXBuildFile; fileRef = CEB1FC5C1C4C21A1003E4605 /* rain.png */; };
		CEB1FC691C4C21A1003E4605 /* sleet.png in Resources */ = {isa = PBXBuildFile; fileRef = CEB1FC5D1C4C21A1003E4605 /* sleet.png */; };
		CEB1FC6A1C4C21A1003E4605 /* snow.png in Resources */ = {isa = PBXBuildFile; fileRef = CEB1FC5E1C4C21A1003E4605 /* snow.png */; };
		CEB1FC6B1C4C21A1003E4605 /* wind.png in Resources */ = {isa = PBXBuildFile; fileRef = CEB1FC5F1C4C21A1003E4605 /* wind.png */; };
		CEDF09D81C14B89300E34349 /* USC_Bovard_Auditorium.png in Resources */ = {isa = PBXBuildFile; fileRef = CEDF09D71C14B89300E34349 /* USC_Bovard_Auditorium.png */; };
		CEDF09DA1C14BC5C00E34349 /* UIImageEffects.swift in Sources */ = {isa = PBXBuildFile; fileRef = CEDF09D91C14BC5C00E34349 /* UIImageEffects.swift */; };
		CEDF09DC1C14C01D00E34349 /* NO8hx.png in Resources */ = {isa = PBXBuildFile; fileRef = CEDF09DB1C14C01D00E34349 /* NO8hx.png */; };
		CEDF09E01C14C4AA00E34349 /* Photo Dec 06, 11 30 26.jpg in Resources */ = {isa = PBXBuildFile; fileRef = CEDF09DD1C14C4AA00E34349 /* Photo Dec 06, 11 30 26.jpg */; };
		CEDF09E11C14C4AA00E34349 /* Photo Dec 06, 11 30 24.jpg in Resources */ = {isa = PBXBuildFile; fileRef = CEDF09DE1C14C4AA00E34349 /* Photo Dec 06, 11 30 24.jpg */; };
		CEDF09E21C14C4AA00E34349 /* Photo Dec 06, 11 30 20.jpg in Resources */ = {isa = PBXBuildFile; fileRef = CEDF09DF1C14C4AA00E34349 /* Photo Dec 06, 11 30 20.jpg */; };
		CEF7C22C1BFD5E7700B32D9E /* AppDelegate.swift in Sources */ = {isa = PBXBuildFile; fileRef = CEF7C22B1BFD5E7700B32D9E /* AppDelegate.swift */; };
		CEF7C2311BFD5E7700B32D9E /* Main.storyboard in Resources */ = {isa = PBXBuildFile; fileRef = CEF7C22F1BFD5E7700B32D9E /* Main.storyboard */; };
		CEF7C2331BFD5E7700B32D9E /* Assets.xcassets in Resources */ = {isa = PBXBuildFile; fileRef = CEF7C2321BFD5E7700B32D9E /* Assets.xcassets */; };
		CEF7C2361BFD5E7700B32D9E /* LaunchScreen.storyboard in Resources */ = {isa = PBXBuildFile; fileRef = CEF7C2341BFD5E7700B32D9E /* LaunchScreen.storyboard */; };
		CEF7C2411BFD5E7700B32D9E /* CS571_HW9Tests.swift in Sources */ = {isa = PBXBuildFile; fileRef = CEF7C2401BFD5E7700B32D9E /* CS571_HW9Tests.swift */; };
		CEF7C24C1BFD5E7700B32D9E /* CS571_HW9UITests.swift in Sources */ = {isa = PBXBuildFile; fileRef = CEF7C24B1BFD5E7700B32D9E /* CS571_HW9UITests.swift */; };
		CEF7C2621BFD5E9800B32D9E /* Next7Days.swift in Sources */ = {isa = PBXBuildFile; fileRef = CEF7C2591BFD5E9800B32D9E /* Next7Days.swift */; };
		CEF7C2631BFD5E9800B32D9E /* Next7DaysTableViewCell.swift in Sources */ = {isa = PBXBuildFile; fileRef = CEF7C25A1BFD5E9800B32D9E /* Next7DaysTableViewCell.swift */; };
		CEF7C2641BFD5E9800B32D9E /* Next24HourCell.swift in Sources */ = {isa = PBXBuildFile; fileRef = CEF7C25B1BFD5E9800B32D9E /* Next24HourCell.swift */; };
		CEF7C2651BFD5E9800B32D9E /* Next24HourHeaderTableViewCell.swift in Sources */ = {isa = PBXBuildFile; fileRef = CEF7C25C1BFD5E9800B32D9E /* Next24HourHeaderTableViewCell.swift */; };
		CEF7C2661BFD5E9800B32D9E /* Next24Hours.swift in Sources */ = {isa = PBXBuildFile; fileRef = CEF7C25D1BFD5E9800B32D9E /* Next24Hours.swift */; };
		CEF7C2671BFD5E9800B32D9E /* ResultViewController.swift in Sources */ = {isa = PBXBuildFile; fileRef = CEF7C25E1BFD5E9800B32D9E /* ResultViewController.swift */; };
		CEF7C2681BFD5E9800B32D9E /* SearchViewController.swift in Sources */ = {isa = PBXBuildFile; fileRef = CEF7C25F1BFD5E9800B32D9E /* SearchViewController.swift */; };
		CEF7C2691BFD5E9800B32D9E /* SupportFunction.swift in Sources */ = {isa = PBXBuildFile; fileRef = CEF7C2601BFD5E9800B32D9E /* SupportFunction.swift */; };
		CEF7C26A1BFD5E9800B32D9E /* TodayHeaderTableViewCell.swift in Sources */ = {isa = PBXBuildFile; fileRef = CEF7C2611BFD5E9800B32D9E /* TodayHeaderTableViewCell.swift */; };
		CEF7C26D1BFD5EA800B32D9E /* DetailViewController.swift in Sources */ = {isa = PBXBuildFile; fileRef = CEF7C26B1BFD5EA800B32D9E /* DetailViewController.swift */; };
		CEF7C26E1BFD5EA800B32D9E /* forecast_logo.png in Resources */ = {isa = PBXBuildFile; fileRef = CEF7C26C1BFD5EA800B32D9E /* forecast_logo.png */; };
		CEF7C2701BFD5EBE00B32D9E /* IdentityViewController.swift in Sources */ = {isa = PBXBuildFile; fileRef = CEF7C26F1BFD5EBE00B32D9E /* IdentityViewController.swift */; };
		CEF7C28A1BFD5EE000B32D9E /* IMG_0038.JPG in Resources */ = {isa = PBXBuildFile; fileRef = CEF7C27E1BFD5EE000B32D9E /* IMG_0038.JPG */; };
		CEF7C2BF1BFD84D500B32D9E /* SwiftyJSON.framework in Frameworks */ = {isa = PBXBuildFile; fileRef = CEF7C2B21BFD84CA00B32D9E /* SwiftyJSON.framework */; };
		CEF7C2C01BFD84D500B32D9E /* SwiftyJSON.framework in Embed Frameworks */ = {isa = PBXBuildFile; fileRef = CEF7C2B21BFD84CA00B32D9E /* SwiftyJSON.framework */; settings = {ATTRIBUTES = (CodeSignOnCopy, RemoveHeadersOnCopy, ); }; };
		CEF7C2C31BFD84D500B32D9E /* Alamofire.framework in Frameworks */ = {isa = PBXBuildFile; fileRef = CEF7C29A1BFD84BC00B32D9E /* Alamofire.framework */; };
		CEF7C2C41BFD84D500B32D9E /* Alamofire.framework in Embed Frameworks */ = {isa = PBXBuildFile; fileRef = CEF7C29A1BFD84BC00B32D9E /* Alamofire.framework */; settings = {ATTRIBUTES = (CodeSignOnCopy, RemoveHeadersOnCopy, ); }; };
/* End PBXBuildFile section */

/* Begin PBXContainerItemProxy section */
		CEF7C23D1BFD5E7700B32D9E /* PBXContainerItemProxy */ = {
			isa = PBXContainerItemProxy;
			containerPortal = CEF7C2201BFD5E7700B32D9E /* Project object */;
			proxyType = 1;
			remoteGlobalIDString = CEF7C2271BFD5E7700B32D9E;
			remoteInfo = "CS571 HW9";
		};
		CEF7C2481BFD5E7700B32D9E /* PBXContainerItemProxy */ = {
			isa = PBXContainerItemProxy;
			containerPortal = CEF7C2201BFD5E7700B32D9E /* Project object */;
			proxyType = 1;
			remoteGlobalIDString = CEF7C2271BFD5E7700B32D9E;
			remoteInfo = "CS571 HW9";
		};
		CEF7C2991BFD84BC00B32D9E /* PBXContainerItemProxy */ = {
			isa = PBXContainerItemProxy;
			containerPortal = CEF7C28F1BFD84BC00B32D9E /* Alamofire.xcodeproj */;
			proxyType = 2;
			remoteGlobalIDString = F8111E3319A95C8B0040E7D1;
			remoteInfo = "Alamofire iOS";
		};
		CEF7C29B1BFD84BC00B32D9E /* PBXContainerItemProxy */ = {
			isa = PBXContainerItemProxy;
			containerPortal = CEF7C28F1BFD84BC00B32D9E /* Alamofire.xcodeproj */;
			proxyType = 2;
			remoteGlobalIDString = F8111E3E19A95C8B0040E7D1;
			remoteInfo = "Alamofire iOS Tests";
		};
		CEF7C29D1BFD84BC00B32D9E /* PBXContainerItemProxy */ = {
			isa = PBXContainerItemProxy;
			containerPortal = CEF7C28F1BFD84BC00B32D9E /* Alamofire.xcodeproj */;
			proxyType = 2;
			remoteGlobalIDString = 4DD67C0B1A5C55C900ED2280;
			remoteInfo = "Alamofire OSX";
		};
		CEF7C29F1BFD84BC00B32D9E /* PBXContainerItemProxy */ = {
			isa = PBXContainerItemProxy;
			containerPortal = CEF7C28F1BFD84BC00B32D9E /* Alamofire.xcodeproj */;
			proxyType = 2;
			remoteGlobalIDString = F829C6B21A7A94F100A2CD59;
			remoteInfo = "Alamofire OSX Tests";
		};
		CEF7C2A11BFD84BC00B32D9E /* PBXContainerItemProxy */ = {
			isa = PBXContainerItemProxy;
			containerPortal = CEF7C28F1BFD84BC00B32D9E /* Alamofire.xcodeproj */;
			proxyType = 2;
			remoteGlobalIDString = 4CF626EF1BA7CB3E0011A099;
			remoteInfo = "Alamofire tvOS";
		};
		CEF7C2A31BFD84BC00B32D9E /* PBXContainerItemProxy */ = {
			isa = PBXContainerItemProxy;
			containerPortal = CEF7C28F1BFD84BC00B32D9E /* Alamofire.xcodeproj */;
			proxyType = 2;
			remoteGlobalIDString = 4CF626F81BA7CB3E0011A099;
			remoteInfo = "Alamofire tvOS Tests";
		};
		CEF7C2A51BFD84BC00B32D9E /* PBXContainerItemProxy */ = {
			isa = PBXContainerItemProxy;
			containerPortal = CEF7C28F1BFD84BC00B32D9E /* Alamofire.xcodeproj */;
			proxyType = 2;
			remoteGlobalIDString = E4202FE01B667AA100C997FB;
			remoteInfo = "Alamofire watchOS";
		};
		CEF7C2B11BFD84CA00B32D9E /* PBXContainerItemProxy */ = {
			isa = PBXContainerItemProxy;
			containerPortal = CEF7C2A71BFD84C900B32D9E /* SwiftyJSON.xcodeproj */;
			proxyType = 2;
			remoteGlobalIDString = 2E4FEFDB19575BE100351305;
			remoteInfo = "SwiftyJSON iOS";
		};
		CEF7C2B31BFD84CA00B32D9E /* PBXContainerItemProxy */ = {
			isa = PBXContainerItemProxy;
			containerPortal = CEF7C2A71BFD84C900B32D9E /* SwiftyJSON.xcodeproj */;
			proxyType = 2;
			remoteGlobalIDString = 2E4FEFE619575BE100351305;
			remoteInfo = "SwiftyJSON iOS Tests";
		};
		CEF7C2B51BFD84CA00B32D9E /* PBXContainerItemProxy */ = {
			isa = PBXContainerItemProxy;
			containerPortal = CEF7C2A71BFD84C900B32D9E /* SwiftyJSON.xcodeproj */;
			proxyType = 2;
			remoteGlobalIDString = 9C7DFC5B1A9102BD005AA3F7;
			remoteInfo = "SwiftyJSON OSX";
		};
		CEF7C2B71BFD84CA00B32D9E /* PBXContainerItemProxy */ = {
			isa = PBXContainerItemProxy;
			containerPortal = CEF7C2A71BFD84C900B32D9E /* SwiftyJSON.xcodeproj */;
			proxyType = 2;
			remoteGlobalIDString = 9C7DFC651A9102BD005AA3F7;
			remoteInfo = "SwiftyJSON OSX Tests";
		};
		CEF7C2B91BFD84CA00B32D9E /* PBXContainerItemProxy */ = {
			isa = PBXContainerItemProxy;
			containerPortal = CEF7C2A71BFD84C900B32D9E /* SwiftyJSON.xcodeproj */;
			proxyType = 2;
			remoteGlobalIDString = E4D7CCE81B9465A700EE7221;
			remoteInfo = "SwiftyJSON watchOS";
		};
		CEF7C2BB1BFD84CA00B32D9E /* PBXContainerItemProxy */ = {
			isa = PBXContainerItemProxy;
			containerPortal = CEF7C2A71BFD84C900B32D9E /* SwiftyJSON.xcodeproj */;
			proxyType = 2;
			remoteGlobalIDString = 7236B4F61BAC14150020529B;
			remoteInfo = "SwiftyJSON tvOS";
		};
		CEF7C2BD1BFD84CA00B32D9E /* PBXContainerItemProxy */ = {
			isa = PBXContainerItemProxy;
			containerPortal = CEF7C2A71BFD84C900B32D9E /* SwiftyJSON.xcodeproj */;
			proxyType = 2;
			remoteGlobalIDString = A8580F741BCF5C5B00DA927B;
			remoteInfo = "SwiftyJSON tvOS Tests";
		};
		CEF7C2C11BFD84D500B32D9E /* PBXContainerItemProxy */ = {
			isa = PBXContainerItemProxy;
			containerPortal = CEF7C2A71BFD84C900B32D9E /* SwiftyJSON.xcodeproj */;
			proxyType = 1;
			remoteGlobalIDString = 2E4FEFDA19575BE100351305;
			remoteInfo = "SwiftyJSON iOS";
		};
		CEF7C2C51BFD84D500B32D9E /* PBXContainerItemProxy */ = {
			isa = PBXContainerItemProxy;
			containerPortal = CEF7C28F1BFD84BC00B32D9E /* Alamofire.xcodeproj */;
			proxyType = 1;
			remoteGlobalIDString = F8111E3219A95C8B0040E7D1;
			remoteInfo = "Alamofire iOS";
		};
/* End PBXContainerItemProxy section */

/* Begin PBXCopyFilesBuildPhase section */
		CEF7C2C71BFD84D500B32D9E /* Embed Frameworks */ = {
			isa = PBXCopyFilesBuildPhase;
			buildActionMask = 2147483647;
			dstPath = "";
			dstSubfolderSpec = 10;
			files = (
				CEF7C2C01BFD84D500B32D9E /* SwiftyJSON.framework in Embed Frameworks */,
				CEF7C2C41BFD84D500B32D9E /* Alamofire.framework in Embed Frameworks */,
			);
			name = "Embed Frameworks";
			runOnlyForDeploymentPostprocessing = 0;
		};
/* End PBXCopyFilesBuildPhase section */

/* Begin PBXFileReference section */
		162F5B43FB66DD7CB0982488 /* libPods.a */ = {isa = PBXFileReference; explicitFileType = archive.ar; includeInIndex = 0; path = libPods.a; sourceTree = BUILT_PRODUCTS_DIR; };
		4942F29F5FE73020634AD38C /* Pods.debug.xcconfig */ = {isa = PBXFileReference; includeInIndex = 1; lastKnownFileType = text.xcconfig; name = Pods.debug.xcconfig; path = "Pods/Target Support Files/Pods/Pods.debug.xcconfig"; sourceTree = "<group>"; };
		C645E6EE9F756D9BDA7E2EBB /* Pods.release.xcconfig */ = {isa = PBXFileReference; includeInIndex = 1; lastKnownFileType = text.xcconfig; name = Pods.release.xcconfig; path = "Pods/Target Support Files/Pods/Pods.release.xcconfig"; sourceTree = "<group>"; };
		CE5710871C00E339009AE30C /* FBSDKCoreKit.framework */ = {isa = PBXFileReference; lastKnownFileType = wrapper.framework; path = FBSDKCoreKit.framework; sourceTree = "<group>"; };
		CE5710881C00E339009AE30C /* FBSDKLoginKit.framework */ = {isa = PBXFileReference; lastKnownFileType = wrapper.framework; path = FBSDKLoginKit.framework; sourceTree = "<group>"; };
		CE5710891C00E339009AE30C /* FBSDKShareKit.framework */ = {isa = PBXFileReference; lastKnownFileType = wrapper.framework; path = FBSDKShareKit.framework; sourceTree = "<group>"; };
		CE578F2C1C0526750062DAAC /* fb_icon_small.png */ = {isa = PBXFileReference; lastKnownFileType = image.png; path = fb_icon_small.png; sourceTree = "<group>"; };
		CE71BD501C0A7A79007F35CC /* map.png */ = {isa = PBXFileReference; lastKnownFileType = image.png; path = map.png; sourceTree = "<group>"; };
		CE71BD521C0A7B8C007F35CC /* map_marker-1.png */ = {isa = PBXFileReference; lastKnownFileType = image.png; path = "map_marker-1.png"; sourceTree = "<group>"; };
		CE71BD541C0A7BC3007F35CC /* map_marker.png */ = {isa = PBXFileReference; lastKnownFileType = image.png; path = map_marker.png; sourceTree = "<group>"; };
		CE8EA5E61BFED55F00113892 /* FBSDKCoreKit.framework */ = {isa = PBXFileReference; lastKnownFileType = wrapper.framework; name = FBSDKCoreKit.framework; path = "../../../../Downloads/FacebookSDKs-iOS-20151111-2/FBSDKCoreKit.framework"; sourceTree = "<group>"; };
		CE8EA5E71BFED55F00113892 /* FBSDKLoginKit.framework */ = {isa = PBXFileReference; lastKnownFileType = wrapper.framework; name = FBSDKLoginKit.framework; path = "../../../../Downloads/FacebookSDKs-iOS-20151111-2/FBSDKLoginKit.framework"; sourceTree = "<group>"; };
		CE8EA5E81BFED55F00113892 /* FBSDKShareKit.framework */ = {isa = PBXFileReference; lastKnownFileType = wrapper.framework; name = FBSDKShareKit.framework; path = "../../../../Downloads/FacebookSDKs-iOS-20151111-2/FBSDKShareKit.framework"; sourceTree = "<group>"; };
		CEA9C8F81C03D9FB00459714 /* bridge.h */ = {isa = PBXFileReference; fileEncoding = 4; lastKnownFileType = sourcecode.c.h; path = bridge.h; sourceTree = "<group>"; };
		CEA9C9051C03DB5B00459714 /* Aeris.framework */ = {isa = PBXFileReference; lastKnownFileType = wrapper.framework; path = Aeris.framework; sourceTree = "<group>"; };
		CEA9C9061C03DB5B00459714 /* AerisMap.framework */ = {isa = PBXFileReference; lastKnownFileType = wrapper.framework; path = AerisMap.framework; sourceTree = "<group>"; };
		CEA9C9071C03DB5B00459714 /* AerisUI.framework */ = {isa = PBXFileReference; lastKnownFileType = wrapper.framework; path = AerisUI.framework; sourceTree = "<group>"; };
		CEA9C90B1C03DB8300459714 /* CoreGraphics.framework */ = {isa = PBXFileReference; lastKnownFileType = wrapper.framework; name = CoreGraphics.framework; path = System/Library/Frameworks/CoreGraphics.framework; sourceTree = SDKROOT; };
		CEA9C90D1C03DB8E00459714 /* CoreLocation.framework */ = {isa = PBXFileReference; lastKnownFileType = wrapper.framework; name = CoreLocation.framework; path = System/Library/Frameworks/CoreLocation.framework; sourceTree = SDKROOT; };
		CEA9C90F1C03DBA100459714 /* Foundation.framework */ = {isa = PBXFileReference; lastKnownFileType = wrapper.framework; name = Foundation.framework; path = System/Library/Frameworks/Foundation.framework; sourceTree = SDKROOT; };
		CEA9C9111C03DBB300459714 /* MapKit.framework */ = {isa = PBXFileReference; lastKnownFileType = wrapper.framework; name = MapKit.framework; path = System/Library/Frameworks/MapKit.framework; sourceTree = SDKROOT; };
		CEA9C9131C03DBBF00459714 /* QuartzCore.framework */ = {isa = PBXFileReference; lastKnownFileType = wrapper.framework; name = QuartzCore.framework; path = System/Library/Frameworks/QuartzCore.framework; sourceTree = SDKROOT; };
		CEA9C9151C03DBC900459714 /* UIKit.framework */ = {isa = PBXFileReference; lastKnownFileType = wrapper.framework; name = UIKit.framework; path = System/Library/Frameworks/UIKit.framework; sourceTree = SDKROOT; };
		CEA9C9171C03DDEA00459714 /* AerisMapViewController.swift */ = {isa = PBXFileReference; fileEncoding = 4; lastKnownFileType = sourcecode.swift; path = AerisMapViewController.swift; sourceTree = "<group>"; };
		CEB1FC541C4C21A1003E4605 /* clear_night.png */ = {isa = PBXFileReference; lastKnownFileType = image.png; path = clear_night.png; sourceTree = "<group>"; };
		CEB1FC551C4C21A1003E4605 /* clear.png */ = {isa = PBXFileReference; lastKnownFileType = image.png; path = clear.png; sourceTree = "<group>"; };
		CEB1FC561C4C21A1003E4605 /* cloud_day.png */ = {isa = PBXFileReference; lastKnownFileType = image.png; path = cloud_day.png; sourceTree = "<group>"; };
		CEB1FC571C4C21A1003E4605 /* cloud_night-2.png */ = {isa = PBXFileReference; lastKnownFileType = image.png; path = "cloud_night-2.png"; sourceTree = "<group>"; };
		CEB1FC581C4C21A1003E4605 /* cloud_night.png */ = {isa = PBXFileReference; lastKnownFileType = image.png; path = cloud_night.png; sourceTree = "<group>"; };
		CEB1FC591C4C21A1003E4605 /* cloudy.png */ = {isa = PBXFileReference; lastKnownFileType = image.png; path = cloudy.png; sourceTree = "<group>"; };
		CEB1FC5A1C4C21A1003E4605 /* fb_icon.png */ = {isa = PBXFileReference; lastKnownFileType = image.png; path = fb_icon.png; sourceTree = "<group>"; };
		CEB1FC5B1C4C21A1003E4605 /* fog.png */ = {isa = PBXFileReference; lastKnownFileType = image.png; path = fog.png; sourceTree = "<group>"; };
		CEB1FC5C1C4C21A1003E4605 /* rain.png */ = {isa = PBXFileReference; lastKnownFileType = image.png; path = rain.png; sourceTree = "<group>"; };
		CEB1FC5D1C4C21A1003E4605 /* sleet.png */ = {isa = PBXFileReference; lastKnownFileType = image.png; path = sleet.png; sourceTree = "<group>"; };
		CEB1FC5E1C4C21A1003E4605 /* snow.png */ = {isa = PBXFileReference; lastKnownFileType = image.png; path = snow.png; sourceTree = "<group>"; };
		CEB1FC5F1C4C21A1003E4605 /* wind.png */ = {isa = PBXFileReference; lastKnownFileType = image.png; path = wind.png; sourceTree = "<group>"; };
		CEDF09D71C14B89300E34349 /* USC_Bovard_Auditorium.png */ = {isa = PBXFileReference; lastKnownFileType = image.png; path = USC_Bovard_Auditorium.png; sourceTree = "<group>"; };
		CEDF09D91C14BC5C00E34349 /* UIImageEffects.swift */ = {isa = PBXFileReference; fileEncoding = 4; lastKnownFileType = sourcecode.swift; path = UIImageEffects.swift; sourceTree = "<group>"; };
		CEDF09DB1C14C01D00E34349 /* NO8hx.png */ = {isa = PBXFileReference; lastKnownFileType = image.png; path = NO8hx.png; sourceTree = "<group>"; };
		CEDF09DD1C14C4AA00E34349 /* Photo Dec 06, 11 30 26.jpg */ = {isa = PBXFileReference; lastKnownFileType = image.jpeg; path = "Photo Dec 06, 11 30 26.jpg"; sourceTree = "<group>"; };
		CEDF09DE1C14C4AA00E34349 /* Photo Dec 06, 11 30 24.jpg */ = {isa = PBXFileReference; lastKnownFileType = image.jpeg; path = "Photo Dec 06, 11 30 24.jpg"; sourceTree = "<group>"; };
		CEDF09DF1C14C4AA00E34349 /* Photo Dec 06, 11 30 20.jpg */ = {isa = PBXFileReference; lastKnownFileType = image.jpeg; path = "Photo Dec 06, 11 30 20.jpg"; sourceTree = "<group>"; };
		CEF7C2281BFD5E7700B32D9E /* CS571 HW9.app */ = {isa = PBXFileReference; explicitFileType = wrapper.application; includeInIndex = 0; path = "CS571 HW9.app"; sourceTree = BUILT_PRODUCTS_DIR; };
		CEF7C22B1BFD5E7700B32D9E /* AppDelegate.swift */ = {isa = PBXFileReference; lastKnownFileType = sourcecode.swift; path = AppDelegate.swift; sourceTree = "<group>"; };
		CEF7C2301BFD5E7700B32D9E /* Base */ = {isa = PBXFileReference; lastKnownFileType = file.storyboard; name = Base; path = Base.lproj/Main.storyboard; sourceTree = "<group>"; };
		CEF7C2321BFD5E7700B32D9E /* Assets.xcassets */ = {isa = PBXFileReference; lastKnownFileType = folder.assetcatalog; path = Assets.xcassets; sourceTree = "<group>"; };
		CEF7C2351BFD5E7700B32D9E /* Base */ = {isa = PBXFileReference; lastKnownFileType = file.storyboard; name = Base; path = Base.lproj/LaunchScreen.storyboard; sourceTree = "<group>"; };
		CEF7C2371BFD5E7700B32D9E /* Info.plist */ = {isa = PBXFileReference; lastKnownFileType = text.plist.xml; path = Info.plist; sourceTree = "<group>"; };
		CEF7C23C1BFD5E7700B32D9E /* CS571 HW9Tests.xctest */ = {isa = PBXFileReference; explicitFileType = wrapper.cfbundle; includeInIndex = 0; path = "CS571 HW9Tests.xctest"; sourceTree = BUILT_PRODUCTS_DIR; };
		CEF7C2401BFD5E7700B32D9E /* CS571_HW9Tests.swift */ = {isa = PBXFileReference; lastKnownFileType = sourcecode.swift; path = CS571_HW9Tests.swift; sourceTree = "<group>"; };
		CEF7C2421BFD5E7700B32D9E /* Info.plist */ = {isa = PBXFileReference; lastKnownFileType = text.plist.xml; path = Info.plist; sourceTree = "<group>"; };
		CEF7C2471BFD5E7700B32D9E /* CS571 HW9UITests.xctest */ = {isa = PBXFileReference; explicitFileType = wrapper.cfbundle; includeInIndex = 0; path = "CS571 HW9UITests.xctest"; sourceTree = BUILT_PRODUCTS_DIR; };
		CEF7C24B1BFD5E7700B32D9E /* CS571_HW9UITests.swift */ = {isa = PBXFileReference; lastKnownFileType = sourcecode.swift; path = CS571_HW9UITests.swift; sourceTree = "<group>"; };
		CEF7C24D1BFD5E7700B32D9E /* Info.plist */ = {isa = PBXFileReference; lastKnownFileType = text.plist.xml; path = Info.plist; sourceTree = "<group>"; };
		CEF7C2591BFD5E9800B32D9E /* Next7Days.swift */ = {isa = PBXFileReference; fileEncoding = 4; lastKnownFileType = sourcecode.swift; name = Next7Days.swift; path = "../../CSCI571 HW9/CSCI571 HW9/Next7Days.swift"; sourceTree = "<group>"; };
		CEF7C25A1BFD5E9800B32D9E /* Next7DaysTableViewCell.swift */ = {isa = PBXFileReference; fileEncoding = 4; lastKnownFileType = sourcecode.swift; name = Next7DaysTableViewCell.swift; path = "../../CSCI571 HW9/CSCI571 HW9/Next7DaysTableViewCell.swift"; sourceTree = "<group>"; };
		CEF7C25B1BFD5E9800B32D9E /* Next24HourCell.swift */ = {isa = PBXFileReference; fileEncoding = 4; lastKnownFileType = sourcecode.swift; name = Next24HourCell.swift; path = "../../CSCI571 HW9/CSCI571 HW9/Next24HourCell.swift"; sourceTree = "<group>"; };
		CEF7C25C1BFD5E9800B32D9E /* Next24HourHeaderTableViewCell.swift */ = {isa = PBXFileReference; fileEncoding = 4; lastKnownFileType = sourcecode.swift; name = Next24HourHeaderTableViewCell.swift; path = "../../CSCI571 HW9/CSCI571 HW9/Next24HourHeaderTableViewCell.swift"; sourceTree = "<group>"; };
		CEF7C25D1BFD5E9800B32D9E /* Next24Hours.swift */ = {isa = PBXFileReference; fileEncoding = 4; lastKnownFileType = sourcecode.swift; name = Next24Hours.swift; path = "../../CSCI571 HW9/CSCI571 HW9/Next24Hours.swift"; sourceTree = "<group>"; };
		CEF7C25E1BFD5E9800B32D9E /* ResultViewController.swift */ = {isa = PBXFileReference; fileEncoding = 4; lastKnownFileType = sourcecode.swift; name = ResultViewController.swift; path = "../../CSCI571 HW9/CSCI571 HW9/ResultViewController.swift"; sourceTree = "<group>"; };
		CEF7C25F1BFD5E9800B32D9E /* SearchViewController.swift */ = {isa = PBXFileReference; fileEncoding = 4; lastKnownFileType = sourcecode.swift; name = SearchViewController.swift; path = "../../CSCI571 HW9/CSCI571 HW9/SearchViewController.swift"; sourceTree = "<group>"; };
		CEF7C2601BFD5E9800B32D9E /* SupportFunction.swift */ = {isa = PBXFileReference; fileEncoding = 4; lastKnownFileType = sourcecode.swift; name = SupportFunction.swift; path = "../../CSCI571 HW9/CSCI571 HW9/SupportFunction.swift"; sourceTree = "<group>"; };
		CEF7C2611BFD5E9800B32D9E /* TodayHeaderTableViewCell.swift */ = {isa = PBXFileReference; fileEncoding = 4; lastKnownFileType = sourcecode.swift; name = TodayHeaderTableViewCell.swift; path = "../../CSCI571 HW9/CSCI571 HW9/TodayHeaderTableViewCell.swift"; sourceTree = "<group>"; };
		CEF7C26B1BFD5EA800B32D9E /* DetailViewController.swift */ = {isa = PBXFileReference; fileEncoding = 4; lastKnownFileType = sourcecode.swift; name = DetailViewController.swift; path = "../../CSCI571 HW9/CSCI571 HW9/DetailViewController.swift"; sourceTree = "<group>"; };
		CEF7C26C1BFD5EA800B32D9E /* forecast_logo.png */ = {isa = PBXFileReference; lastKnownFileType = image.png; name = forecast_logo.png; path = "../../CSCI571 HW9/CSCI571 HW9/forecast_logo.png"; sourceTree = "<group>"; };
		CEF7C26F1BFD5EBE00B32D9E /* IdentityViewController.swift */ = {isa = PBXFileReference; fileEncoding = 4; lastKnownFileType = sourcecode.swift; name = IdentityViewController.swift; path = "../../CSCI571 HW9/IdentityViewController.swift"; sourceTree = "<group>"; };
		CEF7C27E1BFD5EE000B32D9E /* IMG_0038.JPG */ = {isa = PBXFileReference; lastKnownFileType = image.jpeg; name = IMG_0038.JPG; path = ../../../IMG_0038.JPG; sourceTree = "<group>"; };
		CEF7C28F1BFD84BC00B32D9E /* Alamofire.xcodeproj */ = {isa = PBXFileReference; lastKnownFileType = "wrapper.pb-project"; name = Alamofire.xcodeproj; path = "../../../../Downloads/Alamofire-master/Alamofire.xcodeproj"; sourceTree = "<group>"; };
		CEF7C2A71BFD84C900B32D9E /* SwiftyJSON.xcodeproj */ = {isa = PBXFileReference; lastKnownFileType = "wrapper.pb-project"; name = SwiftyJSON.xcodeproj; path = "../../../../Downloads/SwiftyJSON-master/SwiftyJSON.xcodeproj"; sourceTree = "<group>"; };
/* End PBXFileReference section */

/* Begin PBXFrameworksBuildPhase section */
		CEF7C2251BFD5E7700B32D9E /* Frameworks */ = {
			isa = PBXFrameworksBuildPhase;
			buildActionMask = 2147483647;
			files = (
				CEA9C9161C03DBC900459714 /* UIKit.framework in Frameworks */,
				CEA9C9141C03DBBF00459714 /* QuartzCore.framework in Frameworks */,
				CEA9C9121C03DBB300459714 /* MapKit.framework in Frameworks */,
				CEA9C9101C03DBA100459714 /* Foundation.framework in Frameworks */,
				CEA9C90E1C03DB8E00459714 /* CoreLocation.framework in Frameworks */,
				CEA9C90C1C03DB8400459714 /* CoreGraphics.framework in Frameworks */,
				CEA9C90A1C03DB5B00459714 /* AerisUI.framework in Frameworks */,
				CEA9C9091C03DB5B00459714 /* AerisMap.framework in Frameworks */,
				CEA9C9081C03DB5B00459714 /* Aeris.framework in Frameworks */,
				CEF7C2BF1BFD84D500B32D9E /* SwiftyJSON.framework in Frameworks */,
				CE57108A1C00E339009AE30C /* FBSDKCoreKit.framework in Frameworks */,
				CE57108C1C00E339009AE30C /* FBSDKShareKit.framework in Frameworks */,
				CE57108B1C00E339009AE30C /* FBSDKLoginKit.framework in Frameworks */,
				CEF7C2C31BFD84D500B32D9E /* Alamofire.framework in Frameworks */,
				B28830FBBAC71618FCE2E052 /* libPods.a in Frameworks */,
			);
			runOnlyForDeploymentPostprocessing = 0;
		};
		CEF7C2391BFD5E7700B32D9E /* Frameworks */ = {
			isa = PBXFrameworksBuildPhase;
			buildActionMask = 2147483647;
			files = (
			);
			runOnlyForDeploymentPostprocessing = 0;
		};
		CEF7C2441BFD5E7700B32D9E /* Frameworks */ = {
			isa = PBXFrameworksBuildPhase;
			buildActionMask = 2147483647;
			files = (
			);
			runOnlyForDeploymentPostprocessing = 0;
		};
/* End PBXFrameworksBuildPhase section */

/* Begin PBXGroup section */
		0036595BFC710B5FF4AB9057 /* Frameworks */ = {
			isa = PBXGroup;
			children = (
				CEA9C9151C03DBC900459714 /* UIKit.framework */,
				CEA9C9131C03DBBF00459714 /* QuartzCore.framework */,
				CEA9C9111C03DBB300459714 /* MapKit.framework */,
				CEA9C90F1C03DBA100459714 /* Foundation.framework */,
				CEA9C90D1C03DB8E00459714 /* CoreLocation.framework */,
				CEA9C90B1C03DB8300459714 /* CoreGraphics.framework */,
				162F5B43FB66DD7CB0982488 /* libPods.a */,
			);
			name = Frameworks;
			sourceTree = "<group>";
		};
		7D7D9BB58DBC44050B4D5606 /* Pods */ = {
			isa = PBXGroup;
			children = (
				4942F29F5FE73020634AD38C /* Pods.debug.xcconfig */,
				C645E6EE9F756D9BDA7E2EBB /* Pods.release.xcconfig */,
			);
			name = Pods;
			sourceTree = "<group>";
		};
		CEF7C21F1BFD5E7700B32D9E = {
			isa = PBXGroup;
			children = (
				CEA9C9051C03DB5B00459714 /* Aeris.framework */,
				CEA9C9061C03DB5B00459714 /* AerisMap.framework */,
				CEA9C9071C03DB5B00459714 /* AerisUI.framework */,
				CEA9C8F81C03D9FB00459714 /* bridge.h */,
				CE5710871C00E339009AE30C /* FBSDKCoreKit.framework */,
				CE5710881C00E339009AE30C /* FBSDKLoginKit.framework */,
				CE5710891C00E339009AE30C /* FBSDKShareKit.framework */,
				CE8EA5E61BFED55F00113892 /* FBSDKCoreKit.framework */,
				CE8EA5E71BFED55F00113892 /* FBSDKLoginKit.framework */,
				CE8EA5E81BFED55F00113892 /* FBSDKShareKit.framework */,
				CEF7C2A71BFD84C900B32D9E /* SwiftyJSON.xcodeproj */,
				CEF7C28F1BFD84BC00B32D9E /* Alamofire.xcodeproj */,
				CEF7C22A1BFD5E7700B32D9E /* CS571 HW9 */,
				CEF7C23F1BFD5E7700B32D9E /* CS571 HW9Tests */,
				CEF7C24A1BFD5E7700B32D9E /* CS571 HW9UITests */,
				CEF7C2291BFD5E7700B32D9E /* Products */,
				7D7D9BB58DBC44050B4D5606 /* Pods */,
				0036595BFC710B5FF4AB9057 /* Frameworks */,
			);
			sourceTree = "<group>";
		};
		CEF7C2291BFD5E7700B32D9E /* Products */ = {
			isa = PBXGroup;
			children = (
				CEF7C2281BFD5E7700B32D9E /* CS571 HW9.app */,
				CEF7C23C1BFD5E7700B32D9E /* CS571 HW9Tests.xctest */,
				CEF7C2471BFD5E7700B32D9E /* CS571 HW9UITests.xctest */,
			);
			name = Products;
			sourceTree = "<group>";
		};
		CEF7C22A1BFD5E7700B32D9E /* CS571 HW9 */ = {
			isa = PBXGroup;
			children = (
				CEF7C28E1BFD6E1400B32D9E /* Cell */,
				CEF7C28D1BFD6DF300B32D9E /* Support file */,
				CEF7C28C1BFD6DD200B32D9E /* ViewController */,
				CEF7C28B1BFD6DB800B32D9E /* img */,
				CEF7C22F1BFD5E7700B32D9E /* Main.storyboard */,
				CEF7C2321BFD5E7700B32D9E /* Assets.xcassets */,
				CEF7C2341BFD5E7700B32D9E /* LaunchScreen.storyboard */,
				CEF7C2371BFD5E7700B32D9E /* Info.plist */,
			);
			path = "CS571 HW9";
			sourceTree = "<group>";
		};
		CEF7C23F1BFD5E7700B32D9E /* CS571 HW9Tests */ = {
			isa = PBXGroup;
			children = (
				CEF7C2401BFD5E7700B32D9E /* CS571_HW9Tests.swift */,
				CEF7C2421BFD5E7700B32D9E /* Info.plist */,
			);
			path = "CS571 HW9Tests";
			sourceTree = "<group>";
		};
		CEF7C24A1BFD5E7700B32D9E /* CS571 HW9UITests */ = {
			isa = PBXGroup;
			children = (
				CEF7C24B1BFD5E7700B32D9E /* CS571_HW9UITests.swift */,
				CEF7C24D1BFD5E7700B32D9E /* Info.plist */,
			);
			path = "CS571 HW9UITests";
			sourceTree = "<group>";
		};
		CEF7C28B1BFD6DB800B32D9E /* img */ = {
			isa = PBXGroup;
			children = (
				CEDF09DD1C14C4AA00E34349 /* Photo Dec 06, 11 30 26.jpg */,
				CEDF09DE1C14C4AA00E34349 /* Photo Dec 06, 11 30 24.jpg */,
				CEDF09DF1C14C4AA00E34349 /* Photo Dec 06, 11 30 20.jpg */,
				CEDF09DB1C14C01D00E34349 /* NO8hx.png */,
				CEDF09D71C14B89300E34349 /* USC_Bovard_Auditorium.png */,
				CE71BD541C0A7BC3007F35CC /* map_marker.png */,
				CE71BD521C0A7B8C007F35CC /* map_marker-1.png */,
				CE71BD501C0A7A79007F35CC /* map.png */,
				CE578F2C1C0526750062DAAC /* fb_icon_small.png */,
				CEF7C26C1BFD5EA800B32D9E /* forecast_logo.png */,
				CEB1FC541C4C21A1003E4605 /* clear_night.png */,
				CEB1FC551C4C21A1003E4605 /* clear.png */,
				CEB1FC561C4C21A1003E4605 /* cloud_day.png */,
				CEB1FC571C4C21A1003E4605 /* cloud_night-2.png */,
				CEB1FC581C4C21A1003E4605 /* cloud_night.png */,
				CEB1FC591C4C21A1003E4605 /* cloudy.png */,
				CEB1FC5A1C4C21A1003E4605 /* fb_icon.png */,
				CEB1FC5B1C4C21A1003E4605 /* fog.png */,
				CEB1FC5C1C4C21A1003E4605 /* rain.png */,
				CEB1FC5D1C4C21A1003E4605 /* sleet.png */,
				CEB1FC5E1C4C21A1003E4605 /* snow.png */,
				CEB1FC5F1C4C21A1003E4605 /* wind.png */,
				CEF7C27E1BFD5EE000B32D9E /* IMG_0038.JPG */,
			);
			name = img;
			sourceTree = "<group>";
		};
		CEF7C28C1BFD6DD200B32D9E /* ViewController */ = {
			isa = PBXGroup;
			children = (
				CEF7C26F1BFD5EBE00B32D9E /* IdentityViewController.swift */,
				CEF7C26B1BFD5EA800B32D9E /* DetailViewController.swift */,
				CEF7C25E1BFD5E9800B32D9E /* ResultViewController.swift */,
				CEF7C25F1BFD5E9800B32D9E /* SearchViewController.swift */,
				CEA9C9171C03DDEA00459714 /* AerisMapViewController.swift */,
			);
			name = ViewController;
			sourceTree = "<group>";
		};
		CEF7C28D1BFD6DF300B32D9E /* Support file */ = {
			isa = PBXGroup;
			children = (
				CEF7C2591BFD5E9800B32D9E /* Next7Days.swift */,
				CEF7C25D1BFD5E9800B32D9E /* Next24Hours.swift */,
				CEF7C2601BFD5E9800B32D9E /* SupportFunction.swift */,
				CEF7C22B1BFD5E7700B32D9E /* AppDelegate.swift */,
				CEDF09D91C14BC5C00E34349 /* UIImageEffects.swift */,
			);
			name = "Support file";
			sourceTree = "<group>";
		};
		CEF7C28E1BFD6E1400B32D9E /* Cell */ = {
			isa = PBXGroup;
			children = (
				CEF7C25A1BFD5E9800B32D9E /* Next7DaysTableViewCell.swift */,
				CEF7C25B1BFD5E9800B32D9E /* Next24HourCell.swift */,
				CEF7C25C1BFD5E9800B32D9E /* Next24HourHeaderTableViewCell.swift */,
				CEF7C2611BFD5E9800B32D9E /* TodayHeaderTableViewCell.swift */,
			);
			name = Cell;
			sourceTree = "<group>";
		};
		CEF7C2901BFD84BC00B32D9E /* Products */ = {
			isa = PBXGroup;
			children = (
				CEF7C29A1BFD84BC00B32D9E /* Alamofire.framework */,
				CEF7C29C1BFD84BC00B32D9E /* Alamofire iOS Tests.xctest */,
				CEF7C29E1BFD84BC00B32D9E /* Alamofire.framework */,
				CEF7C2A01BFD84BC00B32D9E /* Alamofire OSX Tests.xctest */,
				CEF7C2A21BFD84BC00B32D9E /* Alamofire.framework */,
				CEF7C2A41BFD84BC00B32D9E /* Alamofire tvOS Tests.xctest */,
				CEF7C2A61BFD84BC00B32D9E /* Alamofire.framework */,
			);
			name = Products;
			sourceTree = "<group>";
		};
		CEF7C2A81BFD84C900B32D9E /* Products */ = {
			isa = PBXGroup;
			children = (
				CEF7C2B21BFD84CA00B32D9E /* SwiftyJSON.framework */,
				CEF7C2B41BFD84CA00B32D9E /* SwiftyJSON iOS Tests.xctest */,
				CEF7C2B61BFD84CA00B32D9E /* SwiftyJSON.framework */,
				CEF7C2B81BFD84CA00B32D9E /* SwiftyJSON OSX Tests.xctest */,
				CEF7C2BA1BFD84CA00B32D9E /* SwiftyJSON.framework */,
				CEF7C2BC1BFD84CA00B32D9E /* SwiftyJSON.framework */,
				CEF7C2BE1BFD84CA00B32D9E /* SwiftyJSON tvOS Tests.xctest */,
			);
			name = Products;
			sourceTree = "<group>";
		};
/* End PBXGroup section */

/* Begin PBXNativeTarget section */
		CEF7C2271BFD5E7700B32D9E /* CS571 HW9 */ = {
			isa = PBXNativeTarget;
			buildConfigurationList = CEF7C2501BFD5E7700B32D9E /* Build configuration list for PBXNativeTarget "CS571 HW9" */;
			buildPhases = (
				1B41B12B65A515762C785DC3 /* Check Pods Manifest.lock */,
				CEF7C2241BFD5E7700B32D9E /* Sources */,
				CEF7C2251BFD5E7700B32D9E /* Frameworks */,
				CEF7C2261BFD5E7700B32D9E /* Resources */,
				CEF7C2C71BFD84D500B32D9E /* Embed Frameworks */,
				CA088CFE26282C4070FB76E3 /* Embed Pods Frameworks */,
				1DD507276A4388DEB829E8FD /* Copy Pods Resources */,
			);
			buildRules = (
			);
			dependencies = (
				CEF7C2C21BFD84D500B32D9E /* PBXTargetDependency */,
				CEF7C2C61BFD84D500B32D9E /* PBXTargetDependency */,
			);
			name = "CS571 HW9";
			productName = "CS571 HW9";
			productReference = CEF7C2281BFD5E7700B32D9E /* CS571 HW9.app */;
			productType = "com.apple.product-type.application";
		};
		CEF7C23B1BFD5E7700B32D9E /* CS571 HW9Tests */ = {
			isa = PBXNativeTarget;
			buildConfigurationList = CEF7C2531BFD5E7700B32D9E /* Build configuration list for PBXNativeTarget "CS571 HW9Tests" */;
			buildPhases = (
				CEF7C2381BFD5E7700B32D9E /* Sources */,
				CEF7C2391BFD5E7700B32D9E /* Frameworks */,
				CEF7C23A1BFD5E7700B32D9E /* Resources */,
			);
			buildRules = (
			);
			dependencies = (
				CEF7C23E1BFD5E7700B32D9E /* PBXTargetDependency */,
			);
			name = "CS571 HW9Tests";
			productName = "CS571 HW9Tests";
			productReference = CEF7C23C1BFD5E7700B32D9E /* CS571 HW9Tests.xctest */;
			productType = "com.apple.product-type.bundle.unit-test";
		};
		CEF7C2461BFD5E7700B32D9E /* CS571 HW9UITests */ = {
			isa = PBXNativeTarget;
			buildConfigurationList = CEF7C2561BFD5E7700B32D9E /* Build configuration list for PBXNativeTarget "CS571 HW9UITests" */;
			buildPhases = (
				CEF7C2431BFD5E7700B32D9E /* Sources */,
				CEF7C2441BFD5E7700B32D9E /* Frameworks */,
				CEF7C2451BFD5E7700B32D9E /* Resources */,
			);
			buildRules = (
			);
			dependencies = (
				CEF7C2491BFD5E7700B32D9E /* PBXTargetDependency */,
			);
			name = "CS571 HW9UITests";
			productName = "CS571 HW9UITests";
			productReference = CEF7C2471BFD5E7700B32D9E /* CS571 HW9UITests.xctest */;
			productType = "com.apple.product-type.bundle.ui-testing";
		};
/* End PBXNativeTarget section */

/* Begin PBXProject section */
		CEF7C2201BFD5E7700B32D9E /* Project object */ = {
			isa = PBXProject;
			attributes = {
				LastSwiftUpdateCheck = 0710;
				LastUpgradeCheck = 0710;
				ORGANIZATIONNAME = User;
				TargetAttributes = {
					CEF7C2271BFD5E7700B32D9E = {
						CreatedOnToolsVersion = 7.1;
						DevelopmentTeam = LW9YM3679A;
					};
					CEF7C23B1BFD5E7700B32D9E = {
						CreatedOnToolsVersion = 7.1;
						DevelopmentTeam = LW9YM3679A;
						TestTargetID = CEF7C2271BFD5E7700B32D9E;
					};
					CEF7C2461BFD5E7700B32D9E = {
						CreatedOnToolsVersion = 7.1;
						DevelopmentTeam = LW9YM3679A;
						TestTargetID = CEF7C2271BFD5E7700B32D9E;
					};
				};
			};
			buildConfigurationList = CEF7C2231BFD5E7700B32D9E /* Build configuration list for PBXProject "CS571 HW9" */;
			compatibilityVersion = "Xcode 3.2";
			developmentRegion = English;
			hasScannedForEncodings = 0;
			knownRegions = (
				en,
				Base,
			);
			mainGroup = CEF7C21F1BFD5E7700B32D9E;
			productRefGroup = CEF7C2291BFD5E7700B32D9E /* Products */;
			projectDirPath = "";
			projectReferences = (
				{
					ProductGroup = CEF7C2901BFD84BC00B32D9E /* Products */;
					ProjectRef = CEF7C28F1BFD84BC00B32D9E /* Alamofire.xcodeproj */;
				},
				{
					ProductGroup = CEF7C2A81BFD84C900B32D9E /* Products */;
					ProjectRef = CEF7C2A71BFD84C900B32D9E /* SwiftyJSON.xcodeproj */;
				},
			);
			projectRoot = "";
			targets = (
				CEF7C2271BFD5E7700B32D9E /* CS571 HW9 */,
				CEF7C23B1BFD5E7700B32D9E /* CS571 HW9Tests */,
				CEF7C2461BFD5E7700B32D9E /* CS571 HW9UITests */,
			);
		};
/* End PBXProject section */

/* Begin PBXReferenceProxy section */
		CEF7C29A1BFD84BC00B32D9E /* Alamofire.framework */ = {
			isa = PBXReferenceProxy;
			fileType = wrapper.framework;
			path = Alamofire.framework;
			remoteRef = CEF7C2991BFD84BC00B32D9E /* PBXContainerItemProxy */;
			sourceTree = BUILT_PRODUCTS_DIR;
		};
		CEF7C29C1BFD84BC00B32D9E /* Alamofire iOS Tests.xctest */ = {
			isa = PBXReferenceProxy;
			fileType = wrapper.cfbundle;
			path = "Alamofire iOS Tests.xctest";
			remoteRef = CEF7C29B1BFD84BC00B32D9E /* PBXContainerItemProxy */;
			sourceTree = BUILT_PRODUCTS_DIR;
		};
		CEF7C29E1BFD84BC00B32D9E /* Alamofire.framework */ = {
			isa = PBXReferenceProxy;
			fileType = wrapper.framework;
			path = Alamofire.framework;
			remoteRef = CEF7C29D1BFD84BC00B32D9E /* PBXContainerItemProxy */;
			sourceTree = BUILT_PRODUCTS_DIR;
		};
		CEF7C2A01BFD84BC00B32D9E /* Alamofire OSX Tests.xctest */ = {
			isa = PBXReferenceProxy;
			fileType = wrapper.cfbundle;
			path = "Alamofire OSX Tests.xctest";
			remoteRef = CEF7C29F1BFD84BC00B32D9E /* PBXContainerItemProxy */;
			sourceTree = BUILT_PRODUCTS_DIR;
		};
		CEF7C2A21BFD84BC00B32D9E /* Alamofire.framework */ = {
			isa = PBXReferenceProxy;
			fileType = wrapper.framework;
			path = Alamofire.framework;
			remoteRef = CEF7C2A11BFD84BC00B32D9E /* PBXContainerItemProxy */;
			sourceTree = BUILT_PRODUCTS_DIR;
		};
		CEF7C2A41BFD84BC00B32D9E /* Alamofire tvOS Tests.xctest */ = {
			isa = PBXReferenceProxy;
			fileType = wrapper.cfbundle;
			path = "Alamofire tvOS Tests.xctest";
			remoteRef = CEF7C2A31BFD84BC00B32D9E /* PBXContainerItemProxy */;
			sourceTree = BUILT_PRODUCTS_DIR;
		};
		CEF7C2A61BFD84BC00B32D9E /* Alamofire.framework */ = {
			isa = PBXReferenceProxy;
			fileType = wrapper.framework;
			path = Alamofire.framework;
			remoteRef = CEF7C2A51BFD84BC00B32D9E /* PBXContainerItemProxy */;
			sourceTree = BUILT_PRODUCTS_DIR;
		};
		CEF7C2B21BFD84CA00B32D9E /* SwiftyJSON.framework */ = {
			isa = PBXReferenceProxy;
			fileType = wrapper.framework;
			path = SwiftyJSON.framework;
			remoteRef = CEF7C2B11BFD84CA00B32D9E /* PBXContainerItemProxy */;
			sourceTree = BUILT_PRODUCTS_DIR;
		};
		CEF7C2B41BFD84CA00B32D9E /* SwiftyJSON iOS Tests.xctest */ = {
			isa = PBXReferenceProxy;
			fileType = wrapper.cfbundle;
			path = "SwiftyJSON iOS Tests.xctest";
			remoteRef = CEF7C2B31BFD84CA00B32D9E /* PBXContainerItemProxy */;
			sourceTree = BUILT_PRODUCTS_DIR;
		};
		CEF7C2B61BFD84CA00B32D9E /* SwiftyJSON.framework */ = {
			isa = PBXReferenceProxy;
			fileType = wrapper.framework;
			path = SwiftyJSON.framework;
			remoteRef = CEF7C2B51BFD84CA00B32D9E /* PBXContainerItemProxy */;
			sourceTree = BUILT_PRODUCTS_DIR;
		};
		CEF7C2B81BFD84CA00B32D9E /* SwiftyJSON OSX Tests.xctest */ = {
			isa = PBXReferenceProxy;
			fileType = wrapper.cfbundle;
			path = "SwiftyJSON OSX Tests.xctest";
			remoteRef = CEF7C2B71BFD84CA00B32D9E /* PBXContainerItemProxy */;
			sourceTree = BUILT_PRODUCTS_DIR;
		};
		CEF7C2BA1BFD84CA00B32D9E /* SwiftyJSON.framework */ = {
			isa = PBXReferenceProxy;
			fileType = wrapper.framework;
			path = SwiftyJSON.framework;
			remoteRef = CEF7C2B91BFD84CA00B32D9E /* PBXContainerItemProxy */;
			sourceTree = BUILT_PRODUCTS_DIR;
		};
		CEF7C2BC1BFD84CA00B32D9E /* SwiftyJSON.framework */ = {
			isa = PBXReferenceProxy;
			fileType = wrapper.framework;
			path = SwiftyJSON.framework;
			remoteRef = CEF7C2BB1BFD84CA00B32D9E /* PBXContainerItemProxy */;
			sourceTree = BUILT_PRODUCTS_DIR;
		};
		CEF7C2BE1BFD84CA00B32D9E /* SwiftyJSON tvOS Tests.xctest */ = {
			isa = PBXReferenceProxy;
			fileType = wrapper.cfbundle;
			path = "SwiftyJSON tvOS Tests.xctest";
			remoteRef = CEF7C2BD1BFD84CA00B32D9E /* PBXContainerItemProxy */;
			sourceTree = BUILT_PRODUCTS_DIR;
		};
/* End PBXReferenceProxy section */

/* Begin PBXResourcesBuildPhase section */
		CEF7C2261BFD5E7700B32D9E /* Resources */ = {
			isa = PBXResourcesBuildPhase;
			buildActionMask = 2147483647;
			files = (
				CE71BD511C0A7A79007F35CC /* map.png in Resources */,
				CEB1FC6A1C4C21A1003E4605 /* snow.png in Resources */,
				CEB1FC691C4C21A1003E4605 /* sleet.png in Resources */,
				CEF7C2361BFD5E7700B32D9E /* LaunchScreen.storyboard in Resources */,
				CEF7C28A1BFD5EE000B32D9E /* IMG_0038.JPG in Resources */,
				CEB1FC611C4C21A1003E4605 /* clear.png in Resources */,
				CEDF09E01C14C4AA00E34349 /* Photo Dec 06, 11 30 26.jpg in Resources */,
				CEF7C2331BFD5E7700B32D9E /* Assets.xcassets in Resources */,
				CE71BD551C0A7BC3007F35CC /* map_marker.png in Resources */,
				CEB1FC6B1C4C21A1003E4605 /* wind.png in Resources */,
				CEB1FC661C4C21A1003E4605 /* fb_icon.png in Resources */,
				CEB1FC631C4C21A1003E4605 /* cloud_night-2.png in Resources */,
				CEF7C2311BFD5E7700B32D9E /* Main.storyboard in Resources */,
				CEB1FC641C4C21A1003E4605 /* cloud_night.png in Resources */,
				CE578F2D1C0526750062DAAC /* fb_icon_small.png in Resources */,
				CE71BD531C0A7B8C007F35CC /* map_marker-1.png in Resources */,
				CEB1FC621C4C21A1003E4605 /* cloud_day.png in Resources */,
				CEB1FC651C4C21A1003E4605 /* cloudy.png in Resources */,
				CEB1FC681C4C21A1003E4605 /* rain.png in Resources */,
				CEDF09E21C14C4AA00E34349 /* Photo Dec 06, 11 30 20.jpg in Resources */,
				CEDF09DC1C14C01D00E34349 /* NO8hx.png in Resources */,
				CEDF09E11C14C4AA00E34349 /* Photo Dec 06, 11 30 24.jpg in Resources */,
				CEB1FC671C4C21A1003E4605 /* fog.png in Resources */,
				CEDF09D81C14B89300E34349 /* USC_Bovard_Auditorium.png in Resources */,
				CEB1FC601C4C21A1003E4605 /* clear_night.png in Resources */,
				CEF7C26E1BFD5EA800B32D9E /* forecast_logo.png in Resources */,
			);
			runOnlyForDeploymentPostprocessing = 0;
		};
		CEF7C23A1BFD5E7700B32D9E /* Resources */ = {
			isa = PBXResourcesBuildPhase;
			buildActionMask = 2147483647;
			files = (
			);
			runOnlyForDeploymentPostprocessing = 0;
		};
		CEF7C2451BFD5E7700B32D9E /* Resources */ = {
			isa = PBXResourcesBuildPhase;
			buildActionMask = 2147483647;
			files = (
			);
			runOnlyForDeploymentPostprocessing = 0;
		};
/* End PBXResourcesBuildPhase section */

/* Begin PBXShellScriptBuildPhase section */
		1B41B12B65A515762C785DC3 /* Check Pods Manifest.lock */ = {
			isa = PBXShellScriptBuildPhase;
			buildActionMask = 2147483647;
			files = (
			);
			inputPaths = (
			);
			name = "Check Pods Manifest.lock";
			outputPaths = (
			);
			runOnlyForDeploymentPostprocessing = 0;
			shellPath = /bin/sh;
			shellScript = "diff \"${PODS_ROOT}/../Podfile.lock\" \"${PODS_ROOT}/Manifest.lock\" > /dev/null\nif [[ $? != 0 ]] ; then\n    cat << EOM\nerror: The sandbox is not in sync with the Podfile.lock. Run 'pod install' or update your CocoaPods installation.\nEOM\n    exit 1\nfi\n";
			showEnvVarsInLog = 0;
		};
		1DD507276A4388DEB829E8FD /* Copy Pods Resources */ = {
			isa = PBXShellScriptBuildPhase;
			buildActionMask = 2147483647;
			files = (
			);
			inputPaths = (
			);
			name = "Copy Pods Resources";
			outputPaths = (
			);
			runOnlyForDeploymentPostprocessing = 0;
			shellPath = /bin/sh;
			shellScript = "\"${SRCROOT}/Pods/Target Support Files/Pods/Pods-resources.sh\"\n";
			showEnvVarsInLog = 0;
		};
		CA088CFE26282C4070FB76E3 /* Embed Pods Frameworks */ = {
			isa = PBXShellScriptBuildPhase;
			buildActionMask = 2147483647;
			files = (
			);
			inputPaths = (
			);
			name = "Embed Pods Frameworks";
			outputPaths = (
			);
			runOnlyForDeploymentPostprocessing = 0;
			shellPath = /bin/sh;
			shellScript = "\"${SRCROOT}/Pods/Target Support Files/Pods/Pods-frameworks.sh\"\n";
			showEnvVarsInLog = 0;
		};
/* End PBXShellScriptBuildPhase section */

/* Begin PBXSourcesBuildPhase section */
		CEF7C2241BFD5E7700B32D9E /* Sources */ = {
			isa = PBXSourcesBuildPhase;
			buildActionMask = 2147483647;
			files = (
				CEF7C2641BFD5E9800B32D9E /* Next24HourCell.swift in Sources */,
				CEF7C2661BFD5E9800B32D9E /* Next24Hours.swift in Sources */,
				CEF7C26D1BFD5EA800B32D9E /* DetailViewController.swift in Sources */,
				CEF7C2681BFD5E9800B32D9E /* SearchViewController.swift in Sources */,
				CEF7C2671BFD5E9800B32D9E /* ResultViewController.swift in Sources */,
				CEF7C2691BFD5E9800B32D9E /* SupportFunction.swift in Sources */,
				CEDF09DA1C14BC5C00E34349 /* UIImageEffects.swift in Sources */,
				CEF7C2631BFD5E9800B32D9E /* Next7DaysTableViewCell.swift in Sources */,
				CEF7C22C1BFD5E7700B32D9E /* AppDelegate.swift in Sources */,
				CEA9C9181C03DDEA00459714 /* AerisMapViewController.swift in Sources */,
				CEF7C2621BFD5E9800B32D9E /* Next7Days.swift in Sources */,
				CEF7C26A1BFD5E9800B32D9E /* TodayHeaderTableViewCell.swift in Sources */,
				CEF7C2651BFD5E9800B32D9E /* Next24HourHeaderTableViewCell.swift in Sources */,
				CEF7C2701BFD5EBE00B32D9E /* IdentityViewController.swift in Sources */,
			);
			runOnlyForDeploymentPostprocessing = 0;
		};
		CEF7C2381BFD5E7700B32D9E /* Sources */ = {
			isa = PBXSourcesBuildPhase;
			buildActionMask = 2147483647;
			files = (
				CEF7C2411BFD5E7700B32D9E /* CS571_HW9Tests.swift in Sources */,
			);
			runOnlyForDeploymentPostprocessing = 0;
		};
		CEF7C2431BFD5E7700B32D9E /* Sources */ = {
			isa = PBXSourcesBuildPhase;
			buildActionMask = 2147483647;
			files = (
				CEF7C24C1BFD5E7700B32D9E /* CS571_HW9UITests.swift in Sources */,
			);
			runOnlyForDeploymentPostprocessing = 0;
		};
/* End PBXSourcesBuildPhase section */

/* Begin PBXTargetDependency section */
		CEF7C23E1BFD5E7700B32D9E /* PBXTargetDependency */ = {
			isa = PBXTargetDependency;
			target = CEF7C2271BFD5E7700B32D9E /* CS571 HW9 */;
			targetProxy = CEF7C23D1BFD5E7700B32D9E /* PBXContainerItemProxy */;
		};
		CEF7C2491BFD5E7700B32D9E /* PBXTargetDependency */ = {
			isa = PBXTargetDependency;
			target = CEF7C2271BFD5E7700B32D9E /* CS571 HW9 */;
			targetProxy = CEF7C2481BFD5E7700B32D9E /* PBXContainerItemProxy */;
		};
		CEF7C2C21BFD84D500B32D9E /* PBXTargetDependency */ = {
			isa = PBXTargetDependency;
			name = "SwiftyJSON iOS";
			targetProxy = CEF7C2C11BFD84D500B32D9E /* PBXContainerItemProxy */;
		};
		CEF7C2C61BFD84D500B32D9E /* PBXTargetDependency */ = {
			isa = PBXTargetDependency;
			name = "Alamofire iOS";
			targetProxy = CEF7C2C51BFD84D500B32D9E /* PBXContainerItemProxy */;
		};
/* End PBXTargetDependency section */

/* Begin PBXVariantGroup section */
		CEF7C22F1BFD5E7700B32D9E /* Main.storyboard */ = {
			isa = PBXVariantGroup;
			children = (
				CEF7C2301BFD5E7700B32D9E /* Base */,
			);
			name = Main.storyboard;
			sourceTree = "<group>";
		};
		CEF7C2341BFD5E7700B32D9E /* LaunchScreen.storyboard */ = {
			isa = PBXVariantGroup;
			children = (
				CEF7C2351BFD5E7700B32D9E /* Base */,
			);
			name = LaunchScreen.storyboard;
			sourceTree = "<group>";
		};
/* End PBXVariantGroup section */

/* Begin XCBuildConfiguration section */
		CEF7C24E1BFD5E7700B32D9E /* Debug */ = {
			isa = XCBuildConfiguration;
			buildSettings = {
				ALWAYS_SEARCH_USER_PATHS = NO;
				CLANG_CXX_LANGUAGE_STANDARD = "gnu++0x";
				CLANG_CXX_LIBRARY = "libc++";
				CLANG_ENABLE_MODULES = YES;
				CLANG_ENABLE_OBJC_ARC = YES;
				CLANG_WARN_BOOL_CONVERSION = YES;
				CLANG_WARN_CONSTANT_CONVERSION = YES;
				CLANG_WARN_DIRECT_OBJC_ISA_USAGE = YES_ERROR;
				CLANG_WARN_EMPTY_BODY = YES;
				CLANG_WARN_ENUM_CONVERSION = YES;
				CLANG_WARN_INT_CONVERSION = YES;
				CLANG_WARN_OBJC_ROOT_CLASS = YES_ERROR;
				CLANG_WARN_UNREACHABLE_CODE = YES;
				CLANG_WARN__DUPLICATE_METHOD_MATCH = YES;
				"CODE_SIGN_IDENTITY[sdk=iphoneos*]" = "iPhone Developer";
				COPY_PHASE_STRIP = NO;
				DEBUG_INFORMATION_FORMAT = dwarf;
				ENABLE_STRICT_OBJC_MSGSEND = YES;
				ENABLE_TESTABILITY = YES;
				GCC_C_LANGUAGE_STANDARD = gnu99;
				GCC_DYNAMIC_NO_PIC = NO;
				GCC_NO_COMMON_BLOCKS = YES;
				GCC_OPTIMIZATION_LEVEL = 0;
				GCC_PREPROCESSOR_DEFINITIONS = (
					"DEBUG=1",
					"$(inherited)",
				);
				GCC_WARN_64_TO_32_BIT_CONVERSION = YES;
				GCC_WARN_ABOUT_RETURN_TYPE = YES_ERROR;
				GCC_WARN_UNDECLARED_SELECTOR = YES;
				GCC_WARN_UNINITIALIZED_AUTOS = YES_AGGRESSIVE;
				GCC_WARN_UNUSED_FUNCTION = YES;
				GCC_WARN_UNUSED_VARIABLE = YES;
				IPHONEOS_DEPLOYMENT_TARGET = 9.1;
				MTL_ENABLE_DEBUG_INFO = YES;
				ONLY_ACTIVE_ARCH = YES;
				SDKROOT = iphoneos;
				SWIFT_OPTIMIZATION_LEVEL = "-Onone";
				TARGETED_DEVICE_FAMILY = "1,2";
			};
			name = Debug;
		};
		CEF7C24F1BFD5E7700B32D9E /* Release */ = {
			isa = XCBuildConfiguration;
			buildSettings = {
				ALWAYS_SEARCH_USER_PATHS = NO;
				CLANG_CXX_LANGUAGE_STANDARD = "gnu++0x";
				CLANG_CXX_LIBRARY = "libc++";
				CLANG_ENABLE_MODULES = YES;
				CLANG_ENABLE_OBJC_ARC = YES;
				CLANG_WARN_BOOL_CONVERSION = YES;
				CLANG_WARN_CONSTANT_CONVERSION = YES;
				CLANG_WARN_DIRECT_OBJC_ISA_USAGE = YES_ERROR;
				CLANG_WARN_EMPTY_BODY = YES;
				CLANG_WARN_ENUM_CONVERSION = YES;
				CLANG_WARN_INT_CONVERSION = YES;
				CLANG_WARN_OBJC_ROOT_CLASS = YES_ERROR;
				CLANG_WARN_UNREACHABLE_CODE = YES;
				CLANG_WARN__DUPLICATE_METHOD_MATCH = YES;
				"CODE_SIGN_IDENTITY[sdk=iphoneos*]" = "iPhone Developer";
				COPY_PHASE_STRIP = NO;
				DEBUG_INFORMATION_FORMAT = "dwarf-with-dsym";
				ENABLE_NS_ASSERTIONS = NO;
				ENABLE_STRICT_OBJC_MSGSEND = YES;
				GCC_C_LANGUAGE_STANDARD = gnu99;
				GCC_NO_COMMON_BLOCKS = YES;
				GCC_WARN_64_TO_32_BIT_CONVERSION = YES;
				GCC_WARN_ABOUT_RETURN_TYPE = YES_ERROR;
				GCC_WARN_UNDECLARED_SELECTOR = YES;
				GCC_WARN_UNINITIALIZED_AUTOS = YES_AGGRESSIVE;
				GCC_WARN_UNUSED_FUNCTION = YES;
				GCC_WARN_UNUSED_VARIABLE = YES;
				IPHONEOS_DEPLOYMENT_TARGET = 9.1;
				MTL_ENABLE_DEBUG_INFO = NO;
				SDKROOT = iphoneos;
				TARGETED_DEVICE_FAMILY = "1,2";
				VALIDATE_PRODUCT = YES;
			};
			name = Release;
		};
		CEF7C2511BFD5E7700B32D9E /* Debug */ = {
			isa = XCBuildConfiguration;
			baseConfigurationReference = 4942F29F5FE73020634AD38C /* Pods.debug.xcconfig */;
			buildSettings = {
				ASSETCATALOG_COMPILER_APPICON_NAME = AppIcon;
				EMBEDDED_CONTENT_CONTAINS_SWIFT = YES;
				FRAMEWORK_SEARCH_PATHS = "$(PROJECT_DIR)";
				INFOPLIST_FILE = "CS571 HW9/Info.plist";
				IPHONEOS_DEPLOYMENT_TARGET = 9.0;
				LD_RUNPATH_SEARCH_PATHS = "$(inherited) @executable_path/Frameworks";
				PRODUCT_BUNDLE_IDENTIFIER = "usc.CS571-HW9";
				PRODUCT_NAME = "$(TARGET_NAME)";
				SWIFT_OBJC_BRIDGING_HEADER = bridge.h;
			};
			name = Debug;
		};
		CEF7C2521BFD5E7700B32D9E /* Release */ = {
			isa = XCBuildConfiguration;
			baseConfigurationReference = C645E6EE9F756D9BDA7E2EBB /* Pods.release.xcconfig */;
			buildSettings = {
				ASSETCATALOG_COMPILER_APPICON_NAME = AppIcon;
				EMBEDDED_CONTENT_CONTAINS_SWIFT = YES;
				FRAMEWORK_SEARCH_PATHS = "$(PROJECT_DIR)";
				INFOPLIST_FILE = "CS571 HW9/Info.plist";
				IPHONEOS_DEPLOYMENT_TARGET = 9.0;
				LD_RUNPATH_SEARCH_PATHS = "$(inherited) @executable_path/Frameworks";
				PRODUCT_BUNDLE_IDENTIFIER = "usc.CS571-HW9";
				PRODUCT_NAME = "$(TARGET_NAME)";
				SWIFT_OBJC_BRIDGING_HEADER = bridge.h;
			};
			name = Release;
		};
		CEF7C2541BFD5E7700B32D9E /* Debug */ = {
			isa = XCBuildConfiguration;
			buildSettings = {
				BUNDLE_LOADER = "$(TEST_HOST)";
				INFOPLIST_FILE = "CS571 HW9Tests/Info.plist";
				LD_RUNPATH_SEARCH_PATHS = "$(inherited) @executable_path/Frameworks @loader_path/Frameworks";
				PRODUCT_BUNDLE_IDENTIFIER = "usc.CS571-HW9Tests";
				PRODUCT_NAME = "$(TARGET_NAME)";
				TEST_HOST = "$(BUILT_PRODUCTS_DIR)/CS571 HW9.app/CS571 HW9";
			};
			name = Debug;
		};
		CEF7C2551BFD5E7700B32D9E /* Release */ = {
			isa = XCBuildConfiguration;
			buildSettings = {
				BUNDLE_LOADER = "$(TEST_HOST)";
				INFOPLIST_FILE = "CS571 HW9Tests/Info.plist";
				LD_RUNPATH_SEARCH_PATHS = "$(inherited) @executable_path/Frameworks @loader_path/Frameworks";
				PRODUCT_BUNDLE_IDENTIFIER = "usc.CS571-HW9Tests";
				PRODUCT_NAME = "$(TARGET_NAME)";
				TEST_HOST = "$(BUILT_PRODUCTS_DIR)/CS571 HW9.app/CS571 HW9";
			};
			name = Release;
		};
		CEF7C2571BFD5E7700B32D9E /* Debug */ = {
			isa = XCBuildConfiguration;
			buildSettings = {
				INFOPLIST_FILE = "CS571 HW9UITests/Info.plist";
				LD_RUNPATH_SEARCH_PATHS = "$(inherited) @executable_path/Frameworks @loader_path/Frameworks";
				PRODUCT_BUNDLE_IDENTIFIER = "usc.CS571-HW9UITests";
				PRODUCT_NAME = "$(TARGET_NAME)";
				TEST_TARGET_NAME = "CS571 HW9";
				USES_XCTRUNNER = YES;
			};
			name = Debug;
		};
		CEF7C2581BFD5E7700B32D9E /* Release */ = {
			isa = XCBuildConfiguration;
			buildSettings = {
				INFOPLIST_FILE = "CS571 HW9UITests/Info.plist";
				LD_RUNPATH_SEARCH_PATHS = "$(inherited) @executable_path/Frameworks @loader_path/Frameworks";
				PRODUCT_BUNDLE_IDENTIFIER = "usc.CS571-HW9UITests";
				PRODUCT_NAME = "$(TARGET_NAME)";
				TEST_TARGET_NAME = "CS571 HW9";
				USES_XCTRUNNER = YES;
			};
			name = Release;
		};
/* End XCBuildConfiguration section */

/* Begin XCConfigurationList section */
		CEF7C2231BFD5E7700B32D9E /* Build configuration list for PBXProject "CS571 HW9" */ = {
			isa = XCConfigurationList;
			buildConfigurations = (
				CEF7C24E1BFD5E7700B32D9E /* Debug */,
				CEF7C24F1BFD5E7700B32D9E /* Release */,
			);
			defaultConfigurationIsVisible = 0;
			defaultConfigurationName = Release;
		};
		CEF7C2501BFD5E7700B32D9E /* Build configuration list for PBXNativeTarget "CS571 HW9" */ = {
			isa = XCConfigurationList;
			buildConfigurations = (
				CEF7C2511BFD5E7700B32D9E /* Debug */,
				CEF7C2521BFD5E7700B32D9E /* Release */,
			);
			defaultConfigurationIsVisible = 0;
			defaultConfigurationName = Release;
		};
		CEF7C2531BFD5E7700B32D9E /* Build configuration list for PBXNativeTarget "CS571 HW9Tests" */ = {
			isa = XCConfigurationList;
			buildConfigurations = (
				CEF7C2541BFD5E7700B32D9E /* Debug */,
				CEF7C2551BFD5E7700B32D9E /* Release */,
			);
			defaultConfigurationIsVisible = 0;
			defaultConfigurationName = Release;
		};
		CEF7C2561BFD5E7700B32D9E /* Build configuration list for PBXNativeTarget "CS571 HW9UITests" */ = {
			isa = XCConfigurationList;
			buildConfigurations = (
				CEF7C2571BFD5E7700B32D9E /* Debug */,
				CEF7C2581BFD5E7700B32D9E /* Release */,
			);
			defaultConfigurationIsVisible = 0;
			defaultConfigurationName = Release;
		};
/* End XCConfigurationList section */
	};
	rootObject = CEF7C2201BFD5E7700B32D9E /* Project object */;
}
